
Microsoft Visual Studio Solution File, Format Version 12.00
# Visual Studio 15
VisualStudioVersion = 15.0.27703.2047
MinimumVisualStudioVersion = 10.0.40219.1
Project("{FAE04EC0-301F-11D3-BF4B-00C04F79EFBC}") = "MyShop.Core", "MyShop.Core\MyShop.Core.csproj", "{24A7F25F-DDBD-46FA-A09B-2598C0D63EE2}"
EndProject
Project("{FAE04EC0-301F-11D3-BF4B-00C04F79EFBC}") = "MyShop.DataAccess.InMemory", "MyShop.DataAccess.InMemory\MyShop.DataAccess.InMemory.csproj", "{EEA36781-A516-4E82-8E51-3EF133979E6C}"
EndProject
Project("{FAE04EC0-301F-11D3-BF4B-00C04F79EFBC}") = "MyShop.Services", "MyShop.Services\MyShop.Services.csproj", "{C3464653-DE40-46A5-887A-70CAA2D2B0AA}"
EndProject
Project("{FAE04EC0-301F-11D3-BF4B-00C04F79EFBC}") = "MyShop.DataAccess.SQL", "MyShop.DataAccess.SQL\MyShop.DataAccess.SQL.csproj", "{169874B3-DB26-4F52-92D8-D8D702F00D53}"
EndProject
Project("{FAE04EC0-301F-11D3-BF4B-00C04F79EFBC}") = "MyShop.WebUI", "MyShop.WebUI\MyShop.WebUI.csproj", "{375D4C0E-59CB-4CE5-9FD9-6FCBAC2F1739}"
EndProject
Project("{FAE04EC0-301F-11D3-BF4B-00C04F79EFBC}") = "MyShop.WebUI.Tests", "MyShop.WebUI.Tests\MyShop.WebUI.Tests.csproj", "{442489E5-8650-4A1D-9F44-156DFB876581}"
EndProject
Global
	GlobalSection(SolutionConfigurationPlatforms) = preSolution
		Debug|Any CPU = Debug|Any CPU
		Release|Any CPU = Release|Any CPU
	EndGlobalSection
	GlobalSection(ProjectConfigurationPlatforms) = postSolution
		{24A7F25F-DDBD-46FA-A09B-2598C0D63EE2}.Debug|Any CPU.ActiveCfg = Debug|Any CPU
		{24A7F25F-DDBD-46FA-A09B-2598C0D63EE2}.Debug|Any CPU.Build.0 = Debug|Any CPU
		{24A7F25F-DDBD-46FA-A09B-2598C0D63EE2}.Release|Any CPU.ActiveCfg = Release|Any CPU
		{24A7F25F-DDBD-46FA-A09B-2598C0D63EE2}.Release|Any CPU.Build.0 = Release|Any CPU
		{EEA36781-A516-4E82-8E51-3EF133979E6C}.Debug|Any CPU.ActiveCfg = Debug|Any CPU
		{EEA36781-A516-4E82-8E51-3EF133979E6C}.Debug|Any CPU.Build.0 = Debug|Any CPU
		{EEA36781-A516-4E82-8E51-3EF133979E6C}.Release|Any CPU.ActiveCfg = Release|Any CPU
		{EEA36781-A516-4E82-8E51-3EF133979E6C}.Release|Any CPU.Build.0 = Release|Any CPU
		{C3464653-DE40-46A5-887A-70CAA2D2B0AA}.Debug|Any CPU.ActiveCfg = Debug|Any CPU
		{C3464653-DE40-46A5-887A-70CAA2D2B0AA}.Debug|Any CPU.Build.0 = Debug|Any CPU
		{C3464653-DE40-46A5-887A-70CAA2D2B0AA}.Release|Any CPU.ActiveCfg = Release|Any CPU
		{C3464653-DE40-46A5-887A-70CAA2D2B0AA}.Release|Any CPU.Build.0 = Release|Any CPU
		{169874B3-DB26-4F52-92D8-D8D702F00D53}.Debug|Any CPU.ActiveCfg = Debug|Any CPU
		{169874B3-DB26-4F52-92D8-D8D702F00D53}.Debug|Any CPU.Build.0 = Debug|Any CPU
		{169874B3-DB26-4F52-92D8-D8D702F00D53}.Release|Any CPU.ActiveCfg = Release|Any CPU
		{169874B3-DB26-4F52-92D8-D8D702F00D53}.Release|Any CPU.Build.0 = Release|Any CPU
		{375D4C0E-59CB-4CE5-9FD9-6FCBAC2F1739}.Debug|Any CPU.ActiveCfg = Debug|Any CPU
		{375D4C0E-59CB-4CE5-9FD9-6FCBAC2F1739}.Debug|Any CPU.Build.0 = Debug|Any CPU
		{375D4C0E-59CB-4CE5-9FD9-6FCBAC2F1739}.Release|Any CPU.ActiveCfg = Release|Any CPU
		{375D4C0E-59CB-4CE5-9FD9-6FCBAC2F1739}.Release|Any CPU.Build.0 = Release|Any CPU
		{442489E5-8650-4A1D-9F44-156DFB876581}.Debug|Any CPU.ActiveCfg = Debug|Any CPU
		{442489E5-8650-4A1D-9F44-156DFB876581}.Debug|Any CPU.Build.0 = Debug|Any CPU
		{442489E5-8650-4A1D-9F44-156DFB876581}.Release|Any CPU.ActiveCfg = Release|Any CPU
		{442489E5-8650-4A1D-9F44-156DFB876581}.Release|Any CPU.Build.0 = Release|Any CPU
	EndGlobalSection
	GlobalSection(SolutionProperties) = preSolution
		HideSolutionNode = FALSE
	EndGlobalSection
	GlobalSection(ExtensibilityGlobals) = postSolution
		SolutionGuid = {2B412A82-A046-4502-88D8-565F3C41EA94}
	EndGlobalSection
EndGlobal
